
Microsoft Visual Studio Solution File, Format Version 12.00
# Visual Studio Version 17
VisualStudioVersion = 17.11.35222.181
MinimumVisualStudioVersion = 10.0.40219.1
Project("{2150E333-8FDC-42A3-9474-1A3956D46DE8}") = "Microservices", "Microservices", "{99A29CE1-DF3A-49BD-A294-910B1947BF09}"
EndProject
Project("{FAE04EC0-301F-11D3-BF4B-00C04F79EFBC}") = "IdentityService", "IdentityService\IdentityService.csproj", "{64947927-8CFC-4242-A2BE-E975BC0B1227}"
EndProject
Project("{2150E333-8FDC-42A3-9474-1A3956D46DE8}") = "Tests", "Tests", "{CF092012-8C85-455D-B480-CE8EDAC1557A}"
EndProject
Project("{FAE04EC0-301F-11D3-BF4B-00C04F79EFBC}") = "ProductService", "ProductService\ProductService.csproj", "{5ED71CDA-642B-414A-9706-A8D0419700D3}"
EndProject
Project("{FAE04EC0-301F-11D3-BF4B-00C04F79EFBC}") = "Marketplace.Shared", "Marketplace.Shared\Marketplace.Shared.csproj", "{B0B7C85E-CA31-40FC-8554-D8D814BFCE4A}"
EndProject
Project("{FAE04EC0-301F-11D3-BF4B-00C04F79EFBC}") = "ProductServiceTests", "ProductServiceTests\ProductServiceTests.csproj", "{B06C5104-EA1C-40E0-B5E0-24B1D8B5D511}"
EndProject
Project("{FAE04EC0-301F-11D3-BF4B-00C04F79EFBC}") = "SearchService", "SearchService\SearchService.csproj", "{A3261A87-E7DC-4272-86CD-21AFF4C767C2}"
EndProject
Project("{FAE04EC0-301F-11D3-BF4B-00C04F79EFBC}") = "SearchServiceTests", "SearchServiceTests\SearchServiceTests.csproj", "{A5E11DD8-F523-433D-A3CE-890B94DA5784}"
EndProject
Global
	GlobalSection(SolutionConfigurationPlatforms) = preSolution
		Debug|Any CPU = Debug|Any CPU
		Release|Any CPU = Release|Any CPU
	EndGlobalSection
	GlobalSection(ProjectConfigurationPlatforms) = postSolution
		{64947927-8CFC-4242-A2BE-E975BC0B1227}.Debug|Any CPU.ActiveCfg = Debug|Any CPU
		{64947927-8CFC-4242-A2BE-E975BC0B1227}.Debug|Any CPU.Build.0 = Debug|Any CPU
		{64947927-8CFC-4242-A2BE-E975BC0B1227}.Release|Any CPU.ActiveCfg = Release|Any CPU
		{64947927-8CFC-4242-A2BE-E975BC0B1227}.Release|Any CPU.Build.0 = Release|Any CPU
		{5ED71CDA-642B-414A-9706-A8D0419700D3}.Debug|Any CPU.ActiveCfg = Debug|Any CPU
		{5ED71CDA-642B-414A-9706-A8D0419700D3}.Debug|Any CPU.Build.0 = Debug|Any CPU
		{5ED71CDA-642B-414A-9706-A8D0419700D3}.Release|Any CPU.ActiveCfg = Release|Any CPU
		{5ED71CDA-642B-414A-9706-A8D0419700D3}.Release|Any CPU.Build.0 = Release|Any CPU
		{B0B7C85E-CA31-40FC-8554-D8D814BFCE4A}.Debug|Any CPU.ActiveCfg = Debug|Any CPU
		{B0B7C85E-CA31-40FC-8554-D8D814BFCE4A}.Debug|Any CPU.Build.0 = Debug|Any CPU
		{B0B7C85E-CA31-40FC-8554-D8D814BFCE4A}.Release|Any CPU.ActiveCfg = Release|Any CPU
		{B0B7C85E-CA31-40FC-8554-D8D814BFCE4A}.Release|Any CPU.Build.0 = Release|Any CPU
		{B06C5104-EA1C-40E0-B5E0-24B1D8B5D511}.Debug|Any CPU.ActiveCfg = Debug|Any CPU
		{B06C5104-EA1C-40E0-B5E0-24B1D8B5D511}.Debug|Any CPU.Build.0 = Debug|Any CPU
		{B06C5104-EA1C-40E0-B5E0-24B1D8B5D511}.Release|Any CPU.ActiveCfg = Release|Any CPU
		{B06C5104-EA1C-40E0-B5E0-24B1D8B5D511}.Release|Any CPU.Build.0 = Release|Any CPU
		{A3261A87-E7DC-4272-86CD-21AFF4C767C2}.Debug|Any CPU.ActiveCfg = Debug|Any CPU
		{A3261A87-E7DC-4272-86CD-21AFF4C767C2}.Debug|Any CPU.Build.0 = Debug|Any CPU
		{A3261A87-E7DC-4272-86CD-21AFF4C767C2}.Release|Any CPU.ActiveCfg = Release|Any CPU
		{A3261A87-E7DC-4272-86CD-21AFF4C767C2}.Release|Any CPU.Build.0 = Release|Any CPU
		{A5E11DD8-F523-433D-A3CE-890B94DA5784}.Debug|Any CPU.ActiveCfg = Debug|Any CPU
		{A5E11DD8-F523-433D-A3CE-890B94DA5784}.Debug|Any CPU.Build.0 = Debug|Any CPU
		{A5E11DD8-F523-433D-A3CE-890B94DA5784}.Release|Any CPU.ActiveCfg = Release|Any CPU
		{A5E11DD8-F523-433D-A3CE-890B94DA5784}.Release|Any CPU.Build.0 = Release|Any CPU
	EndGlobalSection
	GlobalSection(SolutionProperties) = preSolution
		HideSolutionNode = FALSE
	EndGlobalSection
	GlobalSection(NestedProjects) = preSolution
		{64947927-8CFC-4242-A2BE-E975BC0B1227} = {99A29CE1-DF3A-49BD-A294-910B1947BF09}
		{5ED71CDA-642B-414A-9706-A8D0419700D3} = {99A29CE1-DF3A-49BD-A294-910B1947BF09}
		{B06C5104-EA1C-40E0-B5E0-24B1D8B5D511} = {CF092012-8C85-455D-B480-CE8EDAC1557A}
		{A3261A87-E7DC-4272-86CD-21AFF4C767C2} = {99A29CE1-DF3A-49BD-A294-910B1947BF09}
		{A5E11DD8-F523-433D-A3CE-890B94DA5784} = {CF092012-8C85-455D-B480-CE8EDAC1557A}
	EndGlobalSection
	GlobalSection(ExtensibilityGlobals) = postSolution
		SolutionGuid = {980BF1E4-B7A0-4256-8B02-DE7A83911B7E}
	EndGlobalSection
EndGlobal
